{
  "name": "Frontend",
  "lockfileVersion": 2,
  "requires": true,
  "packages": {
    "": {
      "dependencies": {
        "konva": "^8.4.2",
        "ng2-konva": "^6.0.0"
      }
    },
    "node_modules/@angular/core": {
      "version": "15.1.2",
      "resolved": "https://registry.npmjs.org/@angular/core/-/core-15.1.2.tgz",
      "integrity": "sha512-K9pz6Bq6RuY/OWhKLZT1JQvk4orvU9wozgXY8cZaOGmNCQQ7sJv5zGkO5csO6o1ON1v/AHowrP/FAF1i8tml5g==",
      "peer": true,
      "dependencies": {
        "tslib": "^2.3.0"
      },
      "engines": {
        "node": "^14.20.0 || ^16.13.0 || >=18.10.0"
      },
      "peerDependencies": {
        "rxjs": "^6.5.3 || ^7.4.0",
        "zone.js": "~0.11.4 || ~0.12.0"
      }
    },
    "node_modules/konva": {
      "version": "8.4.2",
      "resolved": "https://registry.npmjs.org/konva/-/konva-8.4.2.tgz",
      "integrity": "sha512-4VQcrgj/PI8ydJjtLcTuinHBE8o0WGX0YoRwbiN5mpYQiC52aOzJ0XbpKNDJdRvORQphK5LP+jeM0hQJEYIuUA==",
      "funding": [
        {
          "type": "patreon",
          "url": "https://www.patreon.com/lavrton"
        },
        {
          "type": "opencollective",
          "url": "https://opencollective.com/konva"
        },
        {
          "type": "github",
          "url": "https://github.com/sponsors/lavrton"
        }
      ]
    },
    "node_modules/ng2-konva": {
      "version": "6.0.0",
      "resolved": "https://registry.npmjs.org/ng2-konva/-/ng2-konva-6.0.0.tgz",
      "integrity": "sha512-3WHutTYCDsAURun66uLl+Rt3dNjlMZQ8bduzNh+tfMypBYfbYhaEqaSbX/fh16GUZ0R4wYchi9apSz3dvawQpg==",
      "dependencies": {
        "tslib": "^1.9.0"
      },
      "engines": {
        "node": ">=6.0.0"
      },
      "peerDependencies": {
        "@angular/core": ">=6.0.0"
      }
    },
    "node_modules/ng2-konva/node_modules/tslib": {
      "version": "1.14.1",
      "resolved": "https://registry.npmjs.org/tslib/-/tslib-1.14.1.tgz",
      "integrity": "sha512-Xni35NKzjgMrwevysHTCArtLDpPvye8zV/0E4EyYn43P7/7qvQwPh9BGkHewbMulVntbigmcT7rdX3BNo9wRJg=="
    },
    "node_modules/rxjs": {
      "version": "7.8.0",
      "resolved": "https://registry.npmjs.org/rxjs/-/rxjs-7.8.0.tgz",
      "integrity": "sha512-F2+gxDshqmIub1KdvZkaEfGDwLNpPvk9Fs6LD/MyQxNgMds/WH9OdDDXOmxUZpME+iSK3rQCctkL0DYyytUqMg==",
      "peer": true,
      "dependencies": {
        "tslib": "^2.1.0"
      }
    },
    "node_modules/tslib": {
      "version": "2.4.1",
      "resolved": "https://registry.npmjs.org/tslib/-/tslib-2.4.1.tgz",
      "integrity": "sha512-tGyy4dAjRIEwI7BzsB0lynWgOpfqjUdq91XXAlIWD2OwKBH7oCl/GZG/HT4BOHrTlPMOASlMQ7veyTqpmRcrNA==",
      "peer": true
    },
    "node_modules/zone.js": {
      "version": "0.12.0",
      "resolved": "https://registry.npmjs.org/zone.js/-/zone.js-0.12.0.tgz",
      "integrity": "sha512-XtC+I5dXU14HrzidAKBNMqneIVUykLEAA1x+v4KVrd6AUPWlwYORF8KgsVqvgdHiKZ4BkxxjvYi/ksEixTPR0Q==",
      "peer": true,
      "dependencies": {
        "tslib": "^2.3.0"
      }
    }
  },
  "dependencies": {
    "@angular/core": {
      "version": "15.1.2",
      "resolved": "https://registry.npmjs.org/@angular/core/-/core-15.1.2.tgz",
      "integrity": "sha512-K9pz6Bq6RuY/OWhKLZT1JQvk4orvU9wozgXY8cZaOGmNCQQ7sJv5zGkO5csO6o1ON1v/AHowrP/FAF1i8tml5g==",
      "peer": true,
      "requires": {
        "tslib": "^2.3.0"
      }
    },
    "konva": {
      "version": "8.4.2",
      "resolved": "https://registry.npmjs.org/konva/-/konva-8.4.2.tgz",
      "integrity": "sha512-4VQcrgj/PI8ydJjtLcTuinHBE8o0WGX0YoRwbiN5mpYQiC52aOzJ0XbpKNDJdRvORQphK5LP+jeM0hQJEYIuUA=="
    },
    "ng2-konva": {
      "version": "6.0.0",
      "resolved": "https://registry.npmjs.org/ng2-konva/-/ng2-konva-6.0.0.tgz",
      "integrity": "sha512-3WHutTYCDsAURun66uLl+Rt3dNjlMZQ8bduzNh+tfMypBYfbYhaEqaSbX/fh16GUZ0R4wYchi9apSz3dvawQpg==",
      "requires": {
        "tslib": "^1.9.0"
      },
      "dependencies": {
        "tslib": {
          "version": "1.14.1",
          "resolved": "https://registry.npmjs.org/tslib/-/tslib-1.14.1.tgz",
          "integrity": "sha512-Xni35NKzjgMrwevysHTCArtLDpPvye8zV/0E4EyYn43P7/7qvQwPh9BGkHewbMulVntbigmcT7rdX3BNo9wRJg=="
        }
      }
    },
    "rxjs": {
      "version": "7.8.0",
      "resolved": "https://registry.npmjs.org/rxjs/-/rxjs-7.8.0.tgz",
      "integrity": "sha512-F2+gxDshqmIub1KdvZkaEfGDwLNpPvk9Fs6LD/MyQxNgMds/WH9OdDDXOmxUZpME+iSK3rQCctkL0DYyytUqMg==",
      "peer": true,
      "requires": {
        "tslib": "^2.1.0"
      }
    },
    "tslib": {
      "version": "2.4.1",
      "resolved": "https://registry.npmjs.org/tslib/-/tslib-2.4.1.tgz",
      "integrity": "sha512-tGyy4dAjRIEwI7BzsB0lynWgOpfqjUdq91XXAlIWD2OwKBH7oCl/GZG/HT4BOHrTlPMOASlMQ7veyTqpmRcrNA==",
      "peer": true
    },
    "zone.js": {
      "version": "0.12.0",
      "resolved": "https://registry.npmjs.org/zone.js/-/zone.js-0.12.0.tgz",
      "integrity": "sha512-XtC+I5dXU14HrzidAKBNMqneIVUykLEAA1x+v4KVrd6AUPWlwYORF8KgsVqvgdHiKZ4BkxxjvYi/ksEixTPR0Q==",
      "peer": true,
      "requires": {
        "tslib": "^2.3.0"
      }
    }
  }
}
